{
  "name": "@slidevook/slidevook-core",
  "version": "1.0.0",
  "lockfileVersion": 1,
  "requires": true,
  "dependencies": {
    "@webcontainer/api": {
      "version": "1.0.2",
      "resolved": "https://registry.npmjs.org/@webcontainer/api/-/api-1.0.2.tgz",
      "integrity": "sha512-JyJSE/EuNmbv2l9M+GE254Z/s0A9Hma8gtc71co6ZznpCr1UyB70556xZapbd8fWcjOTb1sLGb0GnRx9Ofp9sA=="
    }
  }
}
